
Microsoft Visual Studio Solution File, Format Version 12.00
# Visual Studio Version 17
VisualStudioVersion = 17.5.002.0
MinimumVisualStudioVersion = 10.0.40219.1
Project("{2150E333-8FDC-42A3-9474-1A3956D46DE8}") = "backend", "backend", "{6B9447E1-CE96-48E6-A1D0-387B81FBDB8B}"
EndProject
Project("{9A19103F-16F7-4668-BE54-9A1E7A4F7556}") = "HelloWorld", "backend\HelloWorld\HelloWorld.csproj", "{3FD06200-A3A9-4246-A9B1-EF7CCF214E8E}"
EndProject
Global
	GlobalSection(SolutionConfigurationPlatforms) = preSolution
		Debug|Any CPU = Debug|Any CPU
		Release|Any CPU = Release|Any CPU
	EndGlobalSection
	GlobalSection(ProjectConfigurationPlatforms) = postSolution
		{3FD06200-A3A9-4246-A9B1-EF7CCF214E8E}.Debug|Any CPU.ActiveCfg = Debug|Any CPU
		{3FD06200-A3A9-4246-A9B1-EF7CCF214E8E}.Debug|Any CPU.Build.0 = Debug|Any CPU
		{3FD06200-A3A9-4246-A9B1-EF7CCF214E8E}.Release|Any CPU.ActiveCfg = Release|Any CPU
		{3FD06200-A3A9-4246-A9B1-EF7CCF214E8E}.Release|Any CPU.Build.0 = Release|Any CPU
	EndGlobalSection
	GlobalSection(SolutionProperties) = preSolution
		HideSolutionNode = FALSE
	EndGlobalSection
	GlobalSection(NestedProjects) = preSolution
		{3FD06200-A3A9-4246-A9B1-EF7CCF214E8E} = {6B9447E1-CE96-48E6-A1D0-387B81FBDB8B}
	EndGlobalSection
	GlobalSection(ExtensibilityGlobals) = postSolution
		SolutionGuid = {4B6579CB-6438-413A-9BDE-EB512863BD61}
	EndGlobalSection
EndGlobal
